
Microsoft Visual Studio Solution File, Format Version 12.00
# Visual Studio Version 16
VisualStudioVersion = 16.0.29326.143
MinimumVisualStudioVersion = 10.0.40219.1
Project("{FAE04EC0-301F-11D3-BF4B-00C04F79EFBC}") = "Vidly", "Vidly.csproj", "{EBE63993-BC6E-428F-BCA9-C4C27B8B5067}"
EndProject
Global
	GlobalSection(SolutionConfigurationPlatforms) = preSolution
		Debug|Any CPU = Debug|Any CPU
		Release|Any CPU = Release|Any CPU
		Testing|Any CPU = Testing|Any CPU
	EndGlobalSection
	GlobalSection(ProjectConfigurationPlatforms) = postSolution
		{EBE63993-BC6E-428F-BCA9-C4C27B8B5067}.Debug|Any CPU.ActiveCfg = Debug|Any CPU
		{EBE63993-BC6E-428F-BCA9-C4C27B8B5067}.Debug|Any CPU.Build.0 = Debug|Any CPU
		{EBE63993-BC6E-428F-BCA9-C4C27B8B5067}.Release|Any CPU.ActiveCfg = Release|Any CPU
		{EBE63993-BC6E-428F-BCA9-C4C27B8B5067}.Release|Any CPU.Build.0 = Release|Any CPU
		{EBE63993-BC6E-428F-BCA9-C4C27B8B5067}.Testing|Any CPU.ActiveCfg = Testing|Any CPU
		{EBE63993-BC6E-428F-BCA9-C4C27B8B5067}.Testing|Any CPU.Build.0 = Testing|Any CPU
	EndGlobalSection
	GlobalSection(SolutionProperties) = preSolution
		HideSolutionNode = FALSE
	EndGlobalSection
	GlobalSection(ExtensibilityGlobals) = postSolution
		SolutionGuid = {977F7EAB-2FF7-49D9-AA41-D2575F11E15F}
	EndGlobalSection
EndGlobal
